
Microsoft Visual Studio Solution File, Format Version 12.00
# Visual Studio 15
VisualStudioVersion = 15.0.28307.539
MinimumVisualStudioVersion = 10.0.40219.1
Project("{FAE04EC0-301F-11D3-BF4B-00C04F79EFBC}") = "seleniumConsoleOOP", "seleniumConsoleOOP\seleniumConsoleOOP.csproj", "{CE367E7F-5705-445E-AD3D-84E627409EC3}"
EndProject
Global
	GlobalSection(SolutionConfigurationPlatforms) = preSolution
		Debug|Any CPU = Debug|Any CPU
		Release|Any CPU = Release|Any CPU
	EndGlobalSection
	GlobalSection(ProjectConfigurationPlatforms) = postSolution
		{CE367E7F-5705-445E-AD3D-84E627409EC3}.Debug|Any CPU.ActiveCfg = Debug|Any CPU
		{CE367E7F-5705-445E-AD3D-84E627409EC3}.Debug|Any CPU.Build.0 = Debug|Any CPU
		{CE367E7F-5705-445E-AD3D-84E627409EC3}.Release|Any CPU.ActiveCfg = Release|Any CPU
		{CE367E7F-5705-445E-AD3D-84E627409EC3}.Release|Any CPU.Build.0 = Release|Any CPU
	EndGlobalSection
	GlobalSection(SolutionProperties) = preSolution
		HideSolutionNode = FALSE
	EndGlobalSection
	GlobalSection(ExtensibilityGlobals) = postSolution
		SolutionGuid = {5E4C2D32-7794-4058-9D5D-2624C6BC45E7}
	EndGlobalSection
EndGlobal
